
Microsoft Visual Studio Solution File, Format Version 12.00
# Visual Studio Version 16
VisualStudioVersion = 16.0.29728.190
MinimumVisualStudioVersion = 10.0.40219.1
Project("{FAE04EC0-301F-11D3-BF4B-00C04F79EFBC}") = "E-projektService3", "E-projektService3\E-projektService3.csproj", "{1D9A3394-F68A-4940-B2A3-F6ACD85D126F}"
EndProject
Global
	GlobalSection(SolutionConfigurationPlatforms) = preSolution
		Debug|Any CPU = Debug|Any CPU
		Release|Any CPU = Release|Any CPU
	EndGlobalSection
	GlobalSection(ProjectConfigurationPlatforms) = postSolution
		{1D9A3394-F68A-4940-B2A3-F6ACD85D126F}.Debug|Any CPU.ActiveCfg = Debug|Any CPU
		{1D9A3394-F68A-4940-B2A3-F6ACD85D126F}.Debug|Any CPU.Build.0 = Debug|Any CPU
		{1D9A3394-F68A-4940-B2A3-F6ACD85D126F}.Release|Any CPU.ActiveCfg = Release|Any CPU
		{1D9A3394-F68A-4940-B2A3-F6ACD85D126F}.Release|Any CPU.Build.0 = Release|Any CPU
	EndGlobalSection
	GlobalSection(SolutionProperties) = preSolution
		HideSolutionNode = FALSE
	EndGlobalSection
	GlobalSection(ExtensibilityGlobals) = postSolution
		SolutionGuid = {AA7474F4-6413-4E32-B006-2668A5D96372}
	EndGlobalSection
EndGlobal
